
Microsoft Visual Studio Solution File, Format Version 12.00
# Visual Studio Version 16
VisualStudioVersion = 16.0.34301.259
MinimumVisualStudioVersion = 10.0.40219.1
Project("{FAE04EC0-301F-11D3-BF4B-00C04F79EFBC}") = "MyFirstProject", "MyFirstProject\MyFirstProject.csproj", "{37B806E4-334F-4445-BECF-9ADE243B070E}"
EndProject
Global
	GlobalSection(SolutionConfigurationPlatforms) = preSolution
		Debug|Any CPU = Debug|Any CPU
		Release|Any CPU = Release|Any CPU
	EndGlobalSection
	GlobalSection(ProjectConfigurationPlatforms) = postSolution
		{37B806E4-334F-4445-BECF-9ADE243B070E}.Debug|Any CPU.ActiveCfg = Debug|Any CPU
		{37B806E4-334F-4445-BECF-9ADE243B070E}.Debug|Any CPU.Build.0 = Debug|Any CPU
		{37B806E4-334F-4445-BECF-9ADE243B070E}.Release|Any CPU.ActiveCfg = Release|Any CPU
		{37B806E4-334F-4445-BECF-9ADE243B070E}.Release|Any CPU.Build.0 = Release|Any CPU
	EndGlobalSection
	GlobalSection(SolutionProperties) = preSolution
		HideSolutionNode = FALSE
	EndGlobalSection
	GlobalSection(ExtensibilityGlobals) = postSolution
		SolutionGuid = {1FDF4FF0-3D0D-4A04-9D0F-32FBB684B38F}
	EndGlobalSection
EndGlobal
